# This file was autogenerated by Stack.
# You should not edit this file by hand.
# For more information, please see the documentation at:
#   https://docs.haskellstack.org/en/stable/lock_files

snapshots: []
packages:
- original:
    hackage: th-abstraction-0.4.2.0@sha256:2c754cd15370f8c59c8e6c37d44428a78d0b4afc94e13b3958a1a50cd16f6e84,2124
  completed:
    pantry-tree:
      sha256: 4d7de058f3dd57de2a89ea92e812c37ab5418d2fbac620db8c815e7eb4d856ac
      size: 670
    hackage: th-abstraction-0.4.2.0@sha256:2c754cd15370f8c59c8e6c37d44428a78d0b4afc94e13b3958a1a50cd16f6e84,2124
